
Microsoft Visual Studio Solution File, Format Version 12.00
# Visual Studio Version 17
VisualStudioVersion = 17.11.35222.181
MinimumVisualStudioVersion = 10.0.40219.1
Project("{FAE04EC0-301F-11D3-BF4B-00C04F79EFBC}") = "CandidateManagement_Neronmen", "..\CandidateManagement_StudentName\CandidateManagement_Neronmen\CandidateManagement_Neronmen.csproj", "{F9C97499-67E8-45E6-963D-8E8B484CFF18}"
EndProject
Project("{FAE04EC0-301F-11D3-BF4B-00C04F79EFBC}") = "Candidate_BusinessObjects", "..\CandidateManagement_StudentName\Candidate_BusinessObjects\Candidate_BusinessObjects.csproj", "{CD76E4B4-4B02-4FF5-853E-8F8EBEFFDA82}"
EndProject
Project("{FAE04EC0-301F-11D3-BF4B-00C04F79EFBC}") = "Candidate_DAO", "..\CandidateManagement_StudentName\Candidate_DAO\Candidate_DAO.csproj", "{1C2DD88C-3B4C-468E-9A39-287C62CF65D8}"
EndProject
Project("{FAE04EC0-301F-11D3-BF4B-00C04F79EFBC}") = "Candidate_Repository", "..\CandidateManagement_StudentName\Candidate_Repository\Candidate_Repository.csproj", "{AD490261-2793-4FB6-BA31-FAD0F9B38AC2}"
EndProject
Project("{FAE04EC0-301F-11D3-BF4B-00C04F79EFBC}") = "Candidate_Services", "..\CandidateManagement_StudentName\Candidate_Services\Candidate_Services.csproj", "{A1FB464E-4A67-411B-86E2-35639CC82DD7}"
EndProject
Global
	GlobalSection(SolutionConfigurationPlatforms) = preSolution
		Debug|Any CPU = Debug|Any CPU
		Release|Any CPU = Release|Any CPU
	EndGlobalSection
	GlobalSection(ProjectConfigurationPlatforms) = postSolution
		{F9C97499-67E8-45E6-963D-8E8B484CFF18}.Debug|Any CPU.ActiveCfg = Debug|Any CPU
		{F9C97499-67E8-45E6-963D-8E8B484CFF18}.Debug|Any CPU.Build.0 = Debug|Any CPU
		{F9C97499-67E8-45E6-963D-8E8B484CFF18}.Release|Any CPU.ActiveCfg = Release|Any CPU
		{F9C97499-67E8-45E6-963D-8E8B484CFF18}.Release|Any CPU.Build.0 = Release|Any CPU
		{CD76E4B4-4B02-4FF5-853E-8F8EBEFFDA82}.Debug|Any CPU.ActiveCfg = Debug|Any CPU
		{CD76E4B4-4B02-4FF5-853E-8F8EBEFFDA82}.Debug|Any CPU.Build.0 = Debug|Any CPU
		{CD76E4B4-4B02-4FF5-853E-8F8EBEFFDA82}.Release|Any CPU.ActiveCfg = Release|Any CPU
		{CD76E4B4-4B02-4FF5-853E-8F8EBEFFDA82}.Release|Any CPU.Build.0 = Release|Any CPU
		{1C2DD88C-3B4C-468E-9A39-287C62CF65D8}.Debug|Any CPU.ActiveCfg = Debug|Any CPU
		{1C2DD88C-3B4C-468E-9A39-287C62CF65D8}.Debug|Any CPU.Build.0 = Debug|Any CPU
		{1C2DD88C-3B4C-468E-9A39-287C62CF65D8}.Release|Any CPU.ActiveCfg = Release|Any CPU
		{1C2DD88C-3B4C-468E-9A39-287C62CF65D8}.Release|Any CPU.Build.0 = Release|Any CPU
		{AD490261-2793-4FB6-BA31-FAD0F9B38AC2}.Debug|Any CPU.ActiveCfg = Debug|Any CPU
		{AD490261-2793-4FB6-BA31-FAD0F9B38AC2}.Debug|Any CPU.Build.0 = Debug|Any CPU
		{AD490261-2793-4FB6-BA31-FAD0F9B38AC2}.Release|Any CPU.ActiveCfg = Release|Any CPU
		{AD490261-2793-4FB6-BA31-FAD0F9B38AC2}.Release|Any CPU.Build.0 = Release|Any CPU
		{A1FB464E-4A67-411B-86E2-35639CC82DD7}.Debug|Any CPU.ActiveCfg = Debug|Any CPU
		{A1FB464E-4A67-411B-86E2-35639CC82DD7}.Debug|Any CPU.Build.0 = Debug|Any CPU
		{A1FB464E-4A67-411B-86E2-35639CC82DD7}.Release|Any CPU.ActiveCfg = Release|Any CPU
		{A1FB464E-4A67-411B-86E2-35639CC82DD7}.Release|Any CPU.Build.0 = Release|Any CPU
	EndGlobalSection
	GlobalSection(SolutionProperties) = preSolution
		HideSolutionNode = FALSE
	EndGlobalSection
	GlobalSection(ExtensibilityGlobals) = postSolution
		SolutionGuid = {1FD87F05-D4E3-48FB-AF26-A8917BABED05}
	EndGlobalSection
EndGlobal
